github.com/davecgh/go-spew v1.1.0/go.mod h1:J7Y8YcW2NihsgmVo/mv3lAwl/skON4iLHjSsI+c5H38=
github.com/gchaincl/sqlhooks v1.3.0 h1:yKPXxW9a5CjXaVf2HkQn6wn7TZARvbAOAelr3H8vK2Y=
github.com/gchaincl/sqlhooks v1.3.0/go.mod h1:9BypXnereMT0+Ys8WGWHqzgkkOfHIhyeUCqXC24ra34=
github.com/go-msvc/errors v1.1.0 h1:jbOdXDJySgXvpq3GyNo8/YWZ7x4HYyz3OxLH7nw/7o8=
github.com/go-msvc/errors v1.1.0/go.mod h1:5C49YNbi5juDL9ntxw/QbapNHLs4M9SpJ5ETp8AN7+M=
github.com/go-msvc/logger v0.0.0-20210121062433-1f3922644bec h1:Xrt+itPOlP+NsaQseWM00Fk0juNtqJZqCRZX8g6JV+w=
github.com/go-msvc/logger v0.0.0-20210121062433-1f3922644bec/go.mod h1:2wVoA8rQtGPatj+5uHahKFExXJqcRHpq4an2UHuYidc=
github.com/go-msvc/msf v0.0.0-20210318082532-03d95ed458b1 h1:yG/5LtayHxW4UwHO/uDm0/KZhIrZbiKEpXeief1440Q=
github.com/go-msvc/msf v0.0.0-20210318082532-03d95ed458b1/go.mod h1:V0EIPRNqqEX/BDacvbk8Llfcr81MXlXu6QtXi3eRnxU=
github.com/go-sql-driver/mysql v1.4.1/go.mod h1:zAC/RDZ24gD3HViQzih4MyKcchzm+sOG5ZlKdlhCg5w=
github.com/go-sql-driver/mysql v1.5.0/go.mod h1:DCzpHaOWr8IXmIStZouvnhqoel9Qv2LBy8hT2VhHyBg=
github.com/go-sql-driver/mysql v1.6.0 h1:BCTh4TKNUYmOmMUcQ3IipzF5prigylS7XXjEkfCHuOE=
github.com/go-sql-driver/mysql v1.6.0/go.mod h1:DCzpHaOWr8IXmIStZouvnhqoel9Qv2LBy8hT2VhHyBg=
github.com/google/uuid v1.3.0 h1:t6JiXgmwXMjEs8VusXIJk2BXHsn+wx8BZdTaoZ5fu7I=
github.com/google/uuid v1.3.0/go.mod h1:TIyPZe4MgqvfeYDBFedMoGGpEw/LqOeaOT+nhxU+yHo=
github.com/gorilla/mux v1.8.0 h1:i40aqfkR1h2SlN9hojwV5ZA91wcXFOvkdNIeFDP5koI=
github.com/gorilla/mux v1.8.0/go.mod h1:DVbg23sWSpFRCP0SfiEN6jmj59UnW/n46BH5rLB71So=
github.com/jmoiron/sqlx v1.3.5 h1:vFFPA71p1o5gAeqtEAwLU4dnX2napprKtHr7PYIcN3g=
github.com/jmoiron/sqlx v1.3.5/go.mod h1:nRVWtLre0KfCLJvgxzCsLVMogSvQ1zNJtpYr2Ccp0mQ=
github.com/lib/pq v1.2.0/go.mod h1:5WUZQaWbwv1U+lTReE5YruASi9Al49XbQIvNi/34Woo=
github.com/mattn/go-sqlite3 v1.10.0/go.mod h1:FPy6KqzDD04eiIsT53CuJW3U88zkxoIYsOqkbpncsNc=
github.com/mattn/go-sqlite3 v1.14.6/go.mod h1:NyWgC/yNuGj7Q9rpYnZvas74GogHl5/Z4A/KQRfk6bU=
github.com/opentracing/opentracing-go v1.1.0/go.mod h1:UkNAQd3GIcIGf0SeVgPpRdFStlNbqXla1AfSYxPUl2o=
github.com/pmezard/go-difflib v1.0.0/go.mod h1:iKH77koFhYxTK1pcRnkKkqfTogsbg7gZNVY4sRDYZ/4=
github.com/stewelarend/logger v0.0.4 h1:U+FhNJgbEA5YKUlSLhvk7UaPYjnuBQPkMbQvEKV9Fb8=
github.com/stewelarend/logger v0.0.4/go.mod h1:9N9cjtsb9vHO+Noy17MDNMmH4fL1jBpGJ2HIxQyljvo=
github.com/stretchr/objx v0.1.0/go.mod h1:HFkY916IF+rwdDfMAkV7OtwuqBVzrE8GR6GFx+wExME=
github.com/stretchr/testify v1.4.0/go.mod h1:j7eGeouHqKxXV5pUuKE4zz7dFj8WfuZ+81PSLYec5m4=
gopkg.in/check.v1 v0.0.0-20161208181325-20d25e280405/go.mod h1:Co6ibVJAznAaIkqp8huTwlJQCZ016jof/cbN4VW5Yz0=
gopkg.in/yaml.v2 v2.2.2/go.mod h1:hI93XBmqTisBFMUTm0b8Fm+jr3Dg1NNxqwp+5A1VGuI=
